// !$*UTF8*$!
{
	archiveVersion = 1;
	classes = {
	};
	objectVersion = 55;
	objects = {

/* Begin PBXBuildFile section */
		28603F53D6EE3A91E1947F34 /* Pods_PracticalRxSwift.framework in Frameworks */ = {isa = PBXBuildFile; fileRef = 365B837DD7DDDF35845B7D80 /* Pods_PracticalRxSwift.framework */; };
		BC689EE32775FCCE00E502D1 /* AppDelegate.swift in Sources */ = {isa = PBXBuildFile; fileRef = BC689EE22775FCCE00E502D1 /* AppDelegate.swift */; };
		BC689EEC2775FCCF00E502D1 /* Assets.xcassets in Resources */ = {isa = PBXBuildFile; fileRef = BC689EEB2775FCCF00E502D1 /* Assets.xcassets */; };
		BC689EEF2775FCCF00E502D1 /* LaunchScreen.storyboard in Resources */ = {isa = PBXBuildFile; fileRef = BC689EED2775FCCF00E502D1 /* LaunchScreen.storyboard */; };
		BC689EFD27761B6300E502D1 /* Application+Injection.swift in Sources */ = {isa = PBXBuildFile; fileRef = BC689EFC27761B6300E502D1 /* Application+Injection.swift */; };
		BC689F0527761C0100E502D1 /* HomeViewModel.swift in Sources */ = {isa = PBXBuildFile; fileRef = BC689F0427761C0100E502D1 /* HomeViewModel.swift */; };
		BC689F0A27761C1B00E502D1 /* DetailsViewController.swift in Sources */ = {isa = PBXBuildFile; fileRef = BC689F0927761C1B00E502D1 /* DetailsViewController.swift */; };
		BC689F0C27761C2700E502D1 /* DetailsViewModel.swift in Sources */ = {isa = PBXBuildFile; fileRef = BC689F0B27761C2700E502D1 /* DetailsViewModel.swift */; };
		BC689F0E27761C4500E502D1 /* HomeTarget.swift in Sources */ = {isa = PBXBuildFile; fileRef = BC689F0D27761C4500E502D1 /* HomeTarget.swift */; };
		BC689F1027761C4E00E502D1 /* HomeProvider.swift in Sources */ = {isa = PBXBuildFile; fileRef = BC689F0F27761C4E00E502D1 /* HomeProvider.swift */; };
		BC689F132776279F00E502D1 /* University.swift in Sources */ = {isa = PBXBuildFile; fileRef = BC689F122776279F00E502D1 /* University.swift */; };
		BC689F182776293700E502D1 /* HomeViewController.swift in Sources */ = {isa = PBXBuildFile; fileRef = BC689F162776293700E502D1 /* HomeViewController.swift */; };
		BC689F192776293700E502D1 /* HomeViewController.xib in Resources */ = {isa = PBXBuildFile; fileRef = BC689F172776293700E502D1 /* HomeViewController.xib */; };
		BC689F1B27762A3400E502D1 /* Home+Injection.swift in Sources */ = {isa = PBXBuildFile; fileRef = BC689F1A27762A3400E502D1 /* Home+Injection.swift */; };
/* End PBXBuildFile section */

/* Begin PBXFileReference section */
		365B837DD7DDDF35845B7D80 /* Pods_PracticalRxSwift.framework */ = {isa = PBXFileReference; explicitFileType = wrapper.framework; includeInIndex = 0; path = Pods_PracticalRxSwift.framework; sourceTree = BUILT_PRODUCTS_DIR; };
		4A780111E237F1C6D1BCF8E1 /* Pods-PracticalRxSwift.debug.xcconfig */ = {isa = PBXFileReference; includeInIndex = 1; lastKnownFileType = text.xcconfig; name = "Pods-PracticalRxSwift.debug.xcconfig"; path = "Target Support Files/Pods-PracticalRxSwift/Pods-PracticalRxSwift.debug.xcconfig"; sourceTree = "<group>"; };
		818D97BE4C3568FD6D7E77F1 /* Pods-PracticalRxSwift.release.xcconfig */ = {isa = PBXFileReference; includeInIndex = 1; lastKnownFileType = text.xcconfig; name = "Pods-PracticalRxSwift.release.xcconfig"; path = "Target Support Files/Pods-PracticalRxSwift/Pods-PracticalRxSwift.release.xcconfig"; sourceTree = "<group>"; };
		BC689EDF2775FCCE00E502D1 /* PracticalRxSwift.app */ = {isa = PBXFileReference; explicitFileType = wrapper.application; includeInIndex = 0; path = PracticalRxSwift.app; sourceTree = BUILT_PRODUCTS_DIR; };
		BC689EE22775FCCE00E502D1 /* AppDelegate.swift */ = {isa = PBXFileReference; lastKnownFileType = sourcecode.swift; path = AppDelegate.swift; sourceTree = "<group>"; };
		BC689EEB2775FCCF00E502D1 /* Assets.xcassets */ = {isa = PBXFileReference; lastKnownFileType = folder.assetcatalog; path = Assets.xcassets; sourceTree = "<group>"; };
		BC689EEE2775FCCF00E502D1 /* Base */ = {isa = PBXFileReference; lastKnownFileType = file.storyboard; name = Base; path = Base.lproj/LaunchScreen.storyboard; sourceTree = "<group>"; };
		BC689EF02775FCCF00E502D1 /* Info.plist */ = {isa = PBXFileReference; lastKnownFileType = text.plist.xml; path = Info.plist; sourceTree = "<group>"; };
		BC689EFC27761B6300E502D1 /* Application+Injection.swift */ = {isa = PBXFileReference; lastKnownFileType = sourcecode.swift; path = "Application+Injection.swift"; sourceTree = "<group>"; };
		BC689F0427761C0100E502D1 /* HomeViewModel.swift */ = {isa = PBXFileReference; lastKnownFileType = sourcecode.swift; path = HomeViewModel.swift; sourceTree = "<group>"; };
		BC689F0927761C1B00E502D1 /* DetailsViewController.swift */ = {isa = PBXFileReference; lastKnownFileType = sourcecode.swift; path = DetailsViewController.swift; sourceTree = "<group>"; };
		BC689F0B27761C2700E502D1 /* DetailsViewModel.swift */ = {isa = PBXFileReference; lastKnownFileType = sourcecode.swift; path = DetailsViewModel.swift; sourceTree = "<group>"; };
		BC689F0D27761C4500E502D1 /* HomeTarget.swift */ = {isa = PBXFileReference; lastKnownFileType = sourcecode.swift; path = HomeTarget.swift; sourceTree = "<group>"; };
		BC689F0F27761C4E00E502D1 /* HomeProvider.swift */ = {isa = PBXFileReference; lastKnownFileType = sourcecode.swift; path = HomeProvider.swift; sourceTree = "<group>"; };
		BC689F122776279F00E502D1 /* University.swift */ = {isa = PBXFileReference; lastKnownFileType = sourcecode.swift; path = University.swift; sourceTree = "<group>"; };
		BC689F162776293700E502D1 /* HomeViewController.swift */ = {isa = PBXFileReference; lastKnownFileType = sourcecode.swift; path = HomeViewController.swift; sourceTree = "<group>"; };
		BC689F172776293700E502D1 /* HomeViewController.xib */ = {isa = PBXFileReference; lastKnownFileType = file.xib; path = HomeViewController.xib; sourceTree = "<group>"; };
		BC689F1A27762A3400E502D1 /* Home+Injection.swift */ = {isa = PBXFileReference; lastKnownFileType = sourcecode.swift; path = "Home+Injection.swift"; sourceTree = "<group>"; };
/* End PBXFileReference section */

/* Begin PBXFrameworksBuildPhase section */
		BC689EDC2775FCCE00E502D1 /* Frameworks */ = {
			isa = PBXFrameworksBuildPhase;
			buildActionMask = 2147483647;
			files = (
				28603F53D6EE3A91E1947F34 /* Pods_PracticalRxSwift.framework in Frameworks */,
			);
			runOnlyForDeploymentPostprocessing = 0;
		};
/* End PBXFrameworksBuildPhase section */

/* Begin PBXGroup section */
		34428FC9857B1B9C87463879 /* Pods */ = {
			isa = PBXGroup;
			children = (
				4A780111E237F1C6D1BCF8E1 /* Pods-PracticalRxSwift.debug.xcconfig */,
				818D97BE4C3568FD6D7E77F1 /* Pods-PracticalRxSwift.release.xcconfig */,
			);
			path = Pods;
			sourceTree = "<group>";
		};
		6B8AE5A995B27FE6FAF765BD /* Frameworks */ = {
			isa = PBXGroup;
			children = (
				365B837DD7DDDF35845B7D80 /* Pods_PracticalRxSwift.framework */,
			);
			name = Frameworks;
			sourceTree = "<group>";
		};
		BC689ED62775FCCE00E502D1 = {
			isa = PBXGroup;
			children = (
				BC689EE12775FCCE00E502D1 /* PracticalRxSwift */,
				BC689EE02775FCCE00E502D1 /* Products */,
				34428FC9857B1B9C87463879 /* Pods */,
				6B8AE5A995B27FE6FAF765BD /* Frameworks */,
			);
			sourceTree = "<group>";
		};
		BC689EE02775FCCE00E502D1 /* Products */ = {
			isa = PBXGroup;
			children = (
				BC689EDF2775FCCE00E502D1 /* PracticalRxSwift.app */,
			);
			name = Products;
			sourceTree = "<group>";
		};
		BC689EE12775FCCE00E502D1 /* PracticalRxSwift */ = {
			isa = PBXGroup;
			children = (
				BC689EFA27761B1000E502D1 /* Application */,
				BC689EFE27761BC400E502D1 /* Modules */,
				BC689EE22775FCCE00E502D1 /* AppDelegate.swift */,
				BC689EEB2775FCCF00E502D1 /* Assets.xcassets */,
				BC689EED2775FCCF00E502D1 /* LaunchScreen.storyboard */,
				BC689EF02775FCCF00E502D1 /* Info.plist */,
			);
			path = PracticalRxSwift;
			sourceTree = "<group>";
		};
		BC689EFA27761B1000E502D1 /* Application */ = {
			isa = PBXGroup;
			children = (
				BC689EFB27761B1D00E502D1 /* Resolver */,
			);
			path = Application;
			sourceTree = "<group>";
		};
		BC689EFB27761B1D00E502D1 /* Resolver */ = {
			isa = PBXGroup;
			children = (
				BC689EFC27761B6300E502D1 /* Application+Injection.swift */,
			);
			path = Resolver;
			sourceTree = "<group>";
		};
		BC689EFE27761BC400E502D1 /* Modules */ = {
			isa = PBXGroup;
			children = (
				BC689EFF27761BCF00E502D1 /* Home */,
				BC689F0027761BD600E502D1 /* Details */,
			);
			path = Modules;
			sourceTree = "<group>";
		};
		BC689EFF27761BCF00E502D1 /* Home */ = {
			isa = PBXGroup;
			children = (
				BC689F0127761BE000E502D1 /* Network */,
				BC689F0427761C0100E502D1 /* HomeViewModel.swift */,
				BC689F162776293700E502D1 /* HomeViewController.swift */,
				BC689F172776293700E502D1 /* HomeViewController.xib */,
				BC689F1A27762A3400E502D1 /* Home+Injection.swift */,
			);
			path = Home;
			sourceTree = "<group>";
		};
		BC689F0027761BD600E502D1 /* Details */ = {
			isa = PBXGroup;
			children = (
				BC689F0727761C0A00E502D1 /* Network */,
				BC689F0927761C1B00E502D1 /* DetailsViewController.swift */,
				BC689F0B27761C2700E502D1 /* DetailsViewModel.swift */,
			);
			path = Details;
			sourceTree = "<group>";
		};
		BC689F0127761BE000E502D1 /* Network */ = {
			isa = PBXGroup;
			children = (
				BC689F112776277300E502D1 /* Models */,
				BC689F0D27761C4500E502D1 /* HomeTarget.swift */,
				BC689F0F27761C4E00E502D1 /* HomeProvider.swift */,
			);
			path = Network;
			sourceTree = "<group>";
		};
		BC689F0727761C0A00E502D1 /* Network */ = {
			isa = PBXGroup;
			children = (
			);
			path = Network;
			sourceTree = "<group>";
		};
		BC689F112776277300E502D1 /* Models */ = {
			isa = PBXGroup;
			children = (
				BC689F122776279F00E502D1 /* University.swift */,
			);
			path = Models;
			sourceTree = "<group>";
		};
/* End PBXGroup section */

/* Begin PBXNativeTarget section */
		BC689EDE2775FCCE00E502D1 /* PracticalRxSwift */ = {
			isa = PBXNativeTarget;
			buildConfigurationList = BC689EF32775FCCF00E502D1 /* Build configuration list for PBXNativeTarget "PracticalRxSwift" */;
			buildPhases = (
				1F105066936351F62D03B022 /* [CP] Check Pods Manifest.lock */,
				BC689EDB2775FCCE00E502D1 /* Sources */,
				BC689EDC2775FCCE00E502D1 /* Frameworks */,
				BC689EDD2775FCCE00E502D1 /* Resources */,
				D1169F9E05B0D8F6411CBCDB /* [CP] Embed Pods Frameworks */,
			);
			buildRules = (
			);
			dependencies = (
			);
			name = PracticalRxSwift;
			productName = PracticalRxSwift;
			productReference = BC689EDF2775FCCE00E502D1 /* PracticalRxSwift.app */;
			productType = "com.apple.product-type.application";
		};
/* End PBXNativeTarget section */

/* Begin PBXProject section */
		BC689ED72775FCCE00E502D1 /* Project object */ = {
			isa = PBXProject;
			attributes = {
				BuildIndependentTargetsInParallel = 1;
				LastSwiftUpdateCheck = 1310;
				LastUpgradeCheck = 1310;
				TargetAttributes = {
					BC689EDE2775FCCE00E502D1 = {
						CreatedOnToolsVersion = 13.1;
					};
				};
			};
			buildConfigurationList = BC689EDA2775FCCE00E502D1 /* Build configuration list for PBXProject "PracticalRxSwift" */;
			compatibilityVersion = "Xcode 13.0";
			developmentRegion = en;
			hasScannedForEncodings = 0;
			knownRegions = (
				en,
				Base,
			);
			mainGroup = BC689ED62775FCCE00E502D1;
			productRefGroup = BC689EE02775FCCE00E502D1 /* Products */;
			projectDirPath = "";
			projectRoot = "";
			targets = (
				BC689EDE2775FCCE00E502D1 /* PracticalRxSwift */,
			);
		};
/* End PBXProject section */

/* Begin PBXResourcesBuildPhase section */
		BC689EDD2775FCCE00E502D1 /* Resources */ = {
			isa = PBXResourcesBuildPhase;
			buildActionMask = 2147483647;
			files = (
				BC689EEF2775FCCF00E502D1 /* LaunchScreen.storyboard in Resources */,
				BC689EEC2775FCCF00E502D1 /* Assets.xcassets in Resources */,
				BC689F192776293700E502D1 /* HomeViewController.xib in Resources */,
			);
			runOnlyForDeploymentPostprocessing = 0;
		};
/* End PBXResourcesBuildPhase section */

/* Begin PBXShellScriptBuildPhase section */
		1F105066936351F62D03B022 /* [CP] Check Pods Manifest.lock */ = {
			isa = PBXShellScriptBuildPhase;
			buildActionMask = 2147483647;
			files = (
			);
			inputFileListPaths = (
			);
			inputPaths = (
				"${PODS_PODFILE_DIR_PATH}/Podfile.lock",
				"${PODS_ROOT}/Manifest.lock",
			);
			name = "[CP] Check Pods Manifest.lock";
			outputFileListPaths = (
			);
			outputPaths = (
				"$(DERIVED_FILE_DIR)/Pods-PracticalRxSwift-checkManifestLockResult.txt",
			);
			runOnlyForDeploymentPostprocessing = 0;
			shellPath = /bin/sh;
			shellScript = "diff \"${PODS_PODFILE_DIR_PATH}/Podfile.lock\" \"${PODS_ROOT}/Manifest.lock\" > /dev/null\nif [ $? != 0 ] ; then\n    # print error to STDERR\n    echo \"error: The sandbox is not in sync with the Podfile.lock. Run 'pod install' or update your CocoaPods installation.\" >&2\n    exit 1\nfi\n# This output is used by Xcode 'outputs' to avoid re-running this script phase.\necho \"SUCCESS\" > \"${SCRIPT_OUTPUT_FILE_0}\"\n";
			showEnvVarsInLog = 0;
		};
		D1169F9E05B0D8F6411CBCDB /* [CP] Embed Pods Frameworks */ = {
			isa = PBXShellScriptBuildPhase;
			buildActionMask = 2147483647;
			files = (
			);
			inputFileListPaths = (
				"${PODS_ROOT}/Target Support Files/Pods-PracticalRxSwift/Pods-PracticalRxSwift-frameworks-${CONFIGURATION}-input-files.xcfilelist",
			);
			name = "[CP] Embed Pods Frameworks";
			outputFileListPaths = (
				"${PODS_ROOT}/Target Support Files/Pods-PracticalRxSwift/Pods-PracticalRxSwift-frameworks-${CONFIGURATION}-output-files.xcfilelist",
			);
			runOnlyForDeploymentPostprocessing = 0;
			shellPath = /bin/sh;
			shellScript = "\"${PODS_ROOT}/Target Support Files/Pods-PracticalRxSwift/Pods-PracticalRxSwift-frameworks.sh\"\n";
			showEnvVarsInLog = 0;
		};
/* End PBXShellScriptBuildPhase section */

/* Begin PBXSourcesBuildPhase section */
		BC689EDB2775FCCE00E502D1 /* Sources */ = {
			isa = PBXSourcesBuildPhase;
			buildActionMask = 2147483647;
			files = (
				BC689F1B27762A3400E502D1 /* Home+Injection.swift in Sources */,
				BC689EE32775FCCE00E502D1 /* AppDelegate.swift in Sources */,
				BC689EFD27761B6300E502D1 /* Application+Injection.swift in Sources */,
				BC689F1027761C4E00E502D1 /* HomeProvider.swift in Sources */,
				BC689F0E27761C4500E502D1 /* HomeTarget.swift in Sources */,
				BC689F0527761C0100E502D1 /* HomeViewModel.swift in Sources */,
				BC689F0C27761C2700E502D1 /* DetailsViewModel.swift in Sources */,
				BC689F182776293700E502D1 /* HomeViewController.swift in Sources */,
				BC689F0A27761C1B00E502D1 /* DetailsViewController.swift in Sources */,
				BC689F132776279F00E502D1 /* University.swift in Sources */,
			);
			runOnlyForDeploymentPostprocessing = 0;
		};
/* End PBXSourcesBuildPhase section */

/* Begin PBXVariantGroup section */
		BC689EED2775FCCF00E502D1 /* LaunchScreen.storyboard */ = {
			isa = PBXVariantGroup;
			children = (
				BC689EEE2775FCCF00E502D1 /* Base */,
			);
			name = LaunchScreen.storyboard;
			sourceTree = "<group>";
		};
/* End PBXVariantGroup section */

/* Begin XCBuildConfiguration section */
		BC689EF12775FCCF00E502D1 /* Debug */ = {
			isa = XCBuildConfiguration;
			buildSettings = {
				ALWAYS_SEARCH_USER_PATHS = NO;
				CLANG_ANALYZER_NONNULL = YES;
				CLANG_ANALYZER_NUMBER_OBJECT_CONVERSION = YES_AGGRESSIVE;
				CLANG_CXX_LANGUAGE_STANDARD = "gnu++17";
				CLANG_CXX_LIBRARY = "libc++";
				CLANG_ENABLE_MODULES = YES;
				CLANG_ENABLE_OBJC_ARC = YES;
				CLANG_ENABLE_OBJC_WEAK = YES;
				CLANG_WARN_BLOCK_CAPTURE_AUTORELEASING = YES;
				CLANG_WARN_BOOL_CONVERSION = YES;
				CLANG_WARN_COMMA = YES;
				CLANG_WARN_CONSTANT_CONVERSION = YES;
				CLANG_WARN_DEPRECATED_OBJC_IMPLEMENTATIONS = YES;
				CLANG_WARN_DIRECT_OBJC_ISA_USAGE = YES_ERROR;
				CLANG_WARN_DOCUMENTATION_COMMENTS = YES;
				CLANG_WARN_EMPTY_BODY = YES;
				CLANG_WARN_ENUM_CONVERSION = YES;
				CLANG_WARN_INFINITE_RECURSION = YES;
				CLANG_WARN_INT_CONVERSION = YES;
				CLANG_WARN_NON_LITERAL_NULL_CONVERSION = YES;
				CLANG_WARN_OBJC_IMPLICIT_RETAIN_SELF = YES;
				CLANG_WARN_OBJC_LITERAL_CONVERSION = YES;
				CLANG_WARN_OBJC_ROOT_CLASS = YES_ERROR;
				CLANG_WARN_QUOTED_INCLUDE_IN_FRAMEWORK_HEADER = YES;
				CLANG_WARN_RANGE_LOOP_ANALYSIS = YES;
				CLANG_WARN_STRICT_PROTOTYPES = YES;
				CLANG_WARN_SUSPICIOUS_MOVE = YES;
				CLANG_WARN_UNGUARDED_AVAILABILITY = YES_AGGRESSIVE;
				CLANG_WARN_UNREACHABLE_CODE = YES;
				CLANG_WARN__DUPLICATE_METHOD_MATCH = YES;
				COPY_PHASE_STRIP = NO;
				DEBUG_INFORMATION_FORMAT = dwarf;
				ENABLE_STRICT_OBJC_MSGSEND = YES;
				ENABLE_TESTABILITY = YES;
				GCC_C_LANGUAGE_STANDARD = gnu11;
				GCC_DYNAMIC_NO_PIC = NO;
				GCC_NO_COMMON_BLOCKS = YES;
				GCC_OPTIMIZATION_LEVEL = 0;
				GCC_PREPROCESSOR_DEFINITIONS = (
					"DEBUG=1",
					"$(inherited)",
				);
				GCC_WARN_64_TO_32_BIT_CONVERSION = YES;
				GCC_WARN_ABOUT_RETURN_TYPE = YES_ERROR;
				GCC_WARN_UNDECLARED_SELECTOR = YES;
				GCC_WARN_UNINITIALIZED_AUTOS = YES_AGGRESSIVE;
				GCC_WARN_UNUSED_FUNCTION = YES;
				GCC_WARN_UNUSED_VARIABLE = YES;
				IPHONEOS_DEPLOYMENT_TARGET = 15.0;
				MTL_ENABLE_DEBUG_INFO = INCLUDE_SOURCE;
				MTL_FAST_MATH = YES;
				ONLY_ACTIVE_ARCH = YES;
				SDKROOT = iphoneos;
				SWIFT_ACTIVE_COMPILATION_CONDITIONS = DEBUG;
				SWIFT_OPTIMIZATION_LEVEL = "-Onone";
			};
			name = Debug;
		};
		BC689EF22775FCCF00E502D1 /* Release */ = {
			isa = XCBuildConfiguration;
			buildSettings = {
				ALWAYS_SEARCH_USER_PATHS = NO;
				CLANG_ANALYZER_NONNULL = YES;
				CLANG_ANALYZER_NUMBER_OBJECT_CONVERSION = YES_AGGRESSIVE;
				CLANG_CXX_LANGUAGE_STANDARD = "gnu++17";
				CLANG_CXX_LIBRARY = "libc++";
				CLANG_ENABLE_MODULES = YES;
				CLANG_ENABLE_OBJC_ARC = YES;
				CLANG_ENABLE_OBJC_WEAK = YES;
				CLANG_WARN_BLOCK_CAPTURE_AUTORELEASING = YES;
				CLANG_WARN_BOOL_CONVERSION = YES;
				CLANG_WARN_COMMA = YES;
				CLANG_WARN_CONSTANT_CONVERSION = YES;
				CLANG_WARN_DEPRECATED_OBJC_IMPLEMENTATIONS = YES;
				CLANG_WARN_DIRECT_OBJC_ISA_USAGE = YES_ERROR;
				CLANG_WARN_DOCUMENTATION_COMMENTS = YES;
				CLANG_WARN_EMPTY_BODY = YES;
				CLANG_WARN_ENUM_CONVERSION = YES;
				CLANG_WARN_INFINITE_RECURSION = YES;
				CLANG_WARN_INT_CONVERSION = YES;
				CLANG_WARN_NON_LITERAL_NULL_CONVERSION = YES;
				CLANG_WARN_OBJC_IMPLICIT_RETAIN_SELF = YES;
				CLANG_WARN_OBJC_LITERAL_CONVERSION = YES;
				CLANG_WARN_OBJC_ROOT_CLASS = YES_ERROR;
				CLANG_WARN_QUOTED_INCLUDE_IN_FRAMEWORK_HEADER = YES;
				CLANG_WARN_RANGE_LOOP_ANALYSIS = YES;
				CLANG_WARN_STRICT_PROTOTYPES = YES;
				CLANG_WARN_SUSPICIOUS_MOVE = YES;
				CLANG_WARN_UNGUARDED_AVAILABILITY = YES_AGGRESSIVE;
				CLANG_WARN_UNREACHABLE_CODE = YES;
				CLANG_WARN__DUPLICATE_METHOD_MATCH = YES;
				COPY_PHASE_STRIP = NO;
				DEBUG_INFORMATION_FORMAT = "dwarf-with-dsym";
				ENABLE_NS_ASSERTIONS = NO;
				ENABLE_STRICT_OBJC_MSGSEND = YES;
				GCC_C_LANGUAGE_STANDARD = gnu11;
				GCC_NO_COMMON_BLOCKS = YES;
				GCC_WARN_64_TO_32_BIT_CONVERSION = YES;
				GCC_WARN_ABOUT_RETURN_TYPE = YES_ERROR;
				GCC_WARN_UNDECLARED_SELECTOR = YES;
				GCC_WARN_UNINITIALIZED_AUTOS = YES_AGGRESSIVE;
				GCC_WARN_UNUSED_FUNCTION = YES;
				GCC_WARN_UNUSED_VARIABLE = YES;
				IPHONEOS_DEPLOYMENT_TARGET = 15.0;
				MTL_ENABLE_DEBUG_INFO = NO;
				MTL_FAST_MATH = YES;
				SDKROOT = iphoneos;
				SWIFT_COMPILATION_MODE = wholemodule;
				SWIFT_OPTIMIZATION_LEVEL = "-O";
				VALIDATE_PRODUCT = YES;
			};
			name = Release;
		};
		BC689EF42775FCCF00E502D1 /* Debug */ = {
			isa = XCBuildConfiguration;
			baseConfigurationReference = 4A780111E237F1C6D1BCF8E1 /* Pods-PracticalRxSwift.debug.xcconfig */;
			buildSettings = {
				ASSETCATALOG_COMPILER_APPICON_NAME = AppIcon;
				ASSETCATALOG_COMPILER_GLOBAL_ACCENT_COLOR_NAME = AccentColor;
				CODE_SIGN_STYLE = Automatic;
				CURRENT_PROJECT_VERSION = 1;
				DEVELOPMENT_TEAM = Q3WPQ54BCT;
				GENERATE_INFOPLIST_FILE = YES;
				INFOPLIST_FILE = PracticalRxSwift/Info.plist;
				INFOPLIST_KEY_UIApplicationSupportsIndirectInputEvents = YES;
				INFOPLIST_KEY_UILaunchStoryboardName = LaunchScreen;
				INFOPLIST_KEY_UISupportedInterfaceOrientations_iPad = "UIInterfaceOrientationPortrait UIInterfaceOrientationPortraitUpsideDown UIInterfaceOrientationLandscapeLeft UIInterfaceOrientationLandscapeRight";
				INFOPLIST_KEY_UISupportedInterfaceOrientations_iPhone = "UIInterfaceOrientationPortrait UIInterfaceOrientationLandscapeLeft UIInterfaceOrientationLandscapeRight";
				LD_RUNPATH_SEARCH_PATHS = (
					"$(inherited)",
					"@executable_path/Frameworks",
				);
				MARKETING_VERSION = 1.0;
				PRODUCT_BUNDLE_IDENTIFIER = com.karimebrahem.PracticalRxSwift;
				PRODUCT_NAME = "$(TARGET_NAME)";
				SWIFT_EMIT_LOC_STRINGS = YES;
				SWIFT_VERSION = 5.0;
				TARGETED_DEVICE_FAMILY = "1,2";
			};
			name = Debug;
		};
		BC689EF52775FCCF00E502D1 /* Release */ = {
			isa = XCBuildConfiguration;
			baseConfigurationReference = 818D97BE4C3568FD6D7E77F1 /* Pods-PracticalRxSwift.release.xcconfig */;
			buildSettings = {
				ASSETCATALOG_COMPILER_APPICON_NAME = AppIcon;
				ASSETCATALOG_COMPILER_GLOBAL_ACCENT_COLOR_NAME = AccentColor;
				CODE_SIGN_STYLE = Automatic;
				CURRENT_PROJECT_VERSION = 1;
				DEVELOPMENT_TEAM = Q3WPQ54BCT;
				GENERATE_INFOPLIST_FILE = YES;
				INFOPLIST_FILE = PracticalRxSwift/Info.plist;
				INFOPLIST_KEY_UIApplicationSupportsIndirectInputEvents = YES;
				INFOPLIST_KEY_UILaunchStoryboardName = LaunchScreen;
				INFOPLIST_KEY_UISupportedInterfaceOrientations_iPad = "UIInterfaceOrientationPortrait UIInterfaceOrientationPortraitUpsideDown UIInterfaceOrientationLandscapeLeft UIInterfaceOrientationLandscapeRight";
				INFOPLIST_KEY_UISupportedInterfaceOrientations_iPhone = "UIInterfaceOrientationPortrait UIInterfaceOrientationLandscapeLeft UIInterfaceOrientationLandscapeRight";
				LD_RUNPATH_SEARCH_PATHS = (
					"$(inherited)",
					"@executable_path/Frameworks",
				);
				MARKETING_VERSION = 1.0;
				PRODUCT_BUNDLE_IDENTIFIER = com.karimebrahem.PracticalRxSwift;
				PRODUCT_NAME = "$(TARGET_NAME)";
				SWIFT_EMIT_LOC_STRINGS = YES;
				SWIFT_VERSION = 5.0;
				TARGETED_DEVICE_FAMILY = "1,2";
			};
			name = Release;
		};
/* End XCBuildConfiguration section */

/* Begin XCConfigurationList section */
		BC689EDA2775FCCE00E502D1 /* Build configuration list for PBXProject "PracticalRxSwift" */ = {
			isa = XCConfigurationList;
			buildConfigurations = (
				BC689EF12775FCCF00E502D1 /* Debug */,
				BC689EF22775FCCF00E502D1 /* Release */,
			);
			defaultConfigurationIsVisible = 0;
			defaultConfigurationName = Release;
		};
		BC689EF32775FCCF00E502D1 /* Build configuration list for PBXNativeTarget "PracticalRxSwift" */ = {
			isa = XCConfigurationList;
			buildConfigurations = (
				BC689EF42775FCCF00E502D1 /* Debug */,
				BC689EF52775FCCF00E502D1 /* Release */,
			);
			defaultConfigurationIsVisible = 0;
			defaultConfigurationName = Release;
		};
/* End XCConfigurationList section */
	};
	rootObject = BC689ED72775FCCE00E502D1 /* Project object */;
}
